
Microsoft Visual Studio Solution File, Format Version 12.00
# Visual Studio Version 17
VisualStudioVersion = 17.5.33424.131
MinimumVisualStudioVersion = 10.0.40219.1
Project("{FAE04EC0-301F-11D3-BF4B-00C04F79EFBC}") = "payment-gateways", "payment-gateways.csproj", "{5560B691-E05E-4CD1-99C1-476396A35E03}"
EndProject
Global
	GlobalSection(SolutionConfigurationPlatforms) = preSolution
		Debug|Any CPU = Debug|Any CPU
		Release|Any CPU = Release|Any CPU
	EndGlobalSection
	GlobalSection(ProjectConfigurationPlatforms) = postSolution
		{5560B691-E05E-4CD1-99C1-476396A35E03}.Debug|Any CPU.ActiveCfg = Debug|Any CPU
		{5560B691-E05E-4CD1-99C1-476396A35E03}.Debug|Any CPU.Build.0 = Debug|Any CPU
		{5560B691-E05E-4CD1-99C1-476396A35E03}.Release|Any CPU.ActiveCfg = Release|Any CPU
		{5560B691-E05E-4CD1-99C1-476396A35E03}.Release|Any CPU.Build.0 = Release|Any CPU
	EndGlobalSection
	GlobalSection(SolutionProperties) = preSolution
		HideSolutionNode = FALSE
	EndGlobalSection
	GlobalSection(ExtensibilityGlobals) = postSolution
		SolutionGuid = {12C23966-5BBA-4728-A394-4CD79354B4E3}
	EndGlobalSection
EndGlobal
